// !$*UTF8*$!
{
	archiveVersion = 1;
	classes = {
	};
	objectVersion = 50;
	objects = {

/* Begin PBXBuildFile section */
		5DD0C820262D600C00C3CA4E /* gitsampleApp.swift in Sources */ = {isa = PBXBuildFile; fileRef = 5DD0C81F262D600C00C3CA4E /* gitsampleApp.swift */; };
		5DD0C822262D600C00C3CA4E /* ContentView.swift in Sources */ = {isa = PBXBuildFile; fileRef = 5DD0C821262D600C00C3CA4E /* ContentView.swift */; };
		5DD0C824262D601200C3CA4E /* Assets.xcassets in Resources */ = {isa = PBXBuildFile; fileRef = 5DD0C823262D601200C3CA4E /* Assets.xcassets */; };
		5DD0C827262D601200C3CA4E /* Preview Assets.xcassets in Resources */ = {isa = PBXBuildFile; fileRef = 5DD0C826262D601200C3CA4E /* Preview Assets.xcassets */; };
		5DD0C832262D601200C3CA4E /* gitsampleTests.swift in Sources */ = {isa = PBXBuildFile; fileRef = 5DD0C831262D601200C3CA4E /* gitsampleTests.swift */; };
		5DD0C83D262D601200C3CA4E /* gitsampleUITests.swift in Sources */ = {isa = PBXBuildFile; fileRef = 5DD0C83C262D601200C3CA4E /* gitsampleUITests.swift */; };
/* End PBXBuildFile section */

/* Begin PBXContainerItemProxy section */
		5DD0C82E262D601200C3CA4E /* PBXContainerItemProxy */ = {
			isa = PBXContainerItemProxy;
			containerPortal = 5DD0C814262D600C00C3CA4E /* Project object */;
			proxyType = 1;
			remoteGlobalIDString = 5DD0C81B262D600C00C3CA4E;
			remoteInfo = gitsample;
		};
		5DD0C839262D601200C3CA4E /* PBXContainerItemProxy */ = {
			isa = PBXContainerItemProxy;
			containerPortal = 5DD0C814262D600C00C3CA4E /* Project object */;
			proxyType = 1;
			remoteGlobalIDString = 5DD0C81B262D600C00C3CA4E;
			remoteInfo = gitsample;
		};
/* End PBXContainerItemProxy section */

/* Begin PBXFileReference section */
		5DD0C81C262D600C00C3CA4E /* gitsample.app */ = {isa = PBXFileReference; explicitFileType = wrapper.application; includeInIndex = 0; path = gitsample.app; sourceTree = BUILT_PRODUCTS_DIR; };
		5DD0C81F262D600C00C3CA4E /* gitsampleApp.swift */ = {isa = PBXFileReference; lastKnownFileType = sourcecode.swift; path = gitsampleApp.swift; sourceTree = "<group>"; };
		5DD0C821262D600C00C3CA4E /* ContentView.swift */ = {isa = PBXFileReference; lastKnownFileType = sourcecode.swift; path = ContentView.swift; sourceTree = "<group>"; };
		5DD0C823262D601200C3CA4E /* Assets.xcassets */ = {isa = PBXFileReference; lastKnownFileType = folder.assetcatalog; path = Assets.xcassets; sourceTree = "<group>"; };
		5DD0C826262D601200C3CA4E /* Preview Assets.xcassets */ = {isa = PBXFileReference; lastKnownFileType = folder.assetcatalog; path = "Preview Assets.xcassets"; sourceTree = "<group>"; };
		5DD0C828262D601200C3CA4E /* Info.plist */ = {isa = PBXFileReference; lastKnownFileType = text.plist.xml; path = Info.plist; sourceTree = "<group>"; };
		5DD0C82D262D601200C3CA4E /* gitsampleTests.xctest */ = {isa = PBXFileReference; explicitFileType = wrapper.cfbundle; includeInIndex = 0; path = gitsampleTests.xctest; sourceTree = BUILT_PRODUCTS_DIR; };
		5DD0C831262D601200C3CA4E /* gitsampleTests.swift */ = {isa = PBXFileReference; lastKnownFileType = sourcecode.swift; path = gitsampleTests.swift; sourceTree = "<group>"; };
		5DD0C833262D601200C3CA4E /* Info.plist */ = {isa = PBXFileReference; lastKnownFileType = text.plist.xml; path = Info.plist; sourceTree = "<group>"; };
		5DD0C838262D601200C3CA4E /* gitsampleUITests.xctest */ = {isa = PBXFileReference; explicitFileType = wrapper.cfbundle; includeInIndex = 0; path = gitsampleUITests.xctest; sourceTree = BUILT_PRODUCTS_DIR; };
		5DD0C83C262D601200C3CA4E /* gitsampleUITests.swift */ = {isa = PBXFileReference; lastKnownFileType = sourcecode.swift; path = gitsampleUITests.swift; sourceTree = "<group>"; };
		5DD0C83E262D601200C3CA4E /* Info.plist */ = {isa = PBXFileReference; lastKnownFileType = text.plist.xml; path = Info.plist; sourceTree = "<group>"; };
/* End PBXFileReference section */

/* Begin PBXFrameworksBuildPhase section */
		5DD0C819262D600C00C3CA4E /* Frameworks */ = {
			isa = PBXFrameworksBuildPhase;
			buildActionMask = 2147483647;
			files = (
			);
			runOnlyForDeploymentPostprocessing = 0;
		};
		5DD0C82A262D601200C3CA4E /* Frameworks */ = {
			isa = PBXFrameworksBuildPhase;
			buildActionMask = 2147483647;
			files = (
			);
			runOnlyForDeploymentPostprocessing = 0;
		};
		5DD0C835262D601200C3CA4E /* Frameworks */ = {
			isa = PBXFrameworksBuildPhase;
			buildActionMask = 2147483647;
			files = (
			);
			runOnlyForDeploymentPostprocessing = 0;
		};
/* End PBXFrameworksBuildPhase section */

/* Begin PBXGroup section */
		5DD0C813262D600C00C3CA4E = {
			isa = PBXGroup;
			children = (
				5DD0C81E262D600C00C3CA4E /* gitsample */,
				5DD0C830262D601200C3CA4E /* gitsampleTests */,
				5DD0C83B262D601200C3CA4E /* gitsampleUITests */,
				5DD0C81D262D600C00C3CA4E /* Products */,
			);
			sourceTree = "<group>";
		};
		5DD0C81D262D600C00C3CA4E /* Products */ = {
			isa = PBXGroup;
			children = (
				5DD0C81C262D600C00C3CA4E /* gitsample.app */,
				5DD0C82D262D601200C3CA4E /* gitsampleTests.xctest */,
				5DD0C838262D601200C3CA4E /* gitsampleUITests.xctest */,
			);
			name = Products;
			sourceTree = "<group>";
		};
		5DD0C81E262D600C00C3CA4E /* gitsample */ = {
			isa = PBXGroup;
			children = (
				5DD0C81F262D600C00C3CA4E /* gitsampleApp.swift */,
				5DD0C821262D600C00C3CA4E /* ContentView.swift */,
				5DD0C823262D601200C3CA4E /* Assets.xcassets */,
				5DD0C828262D601200C3CA4E /* Info.plist */,
				5DD0C825262D601200C3CA4E /* Preview Content */,
			);
			path = gitsample;
			sourceTree = "<group>";
		};
		5DD0C825262D601200C3CA4E /* Preview Content */ = {
			isa = PBXGroup;
			children = (
				5DD0C826262D601200C3CA4E /* Preview Assets.xcassets */,
			);
			path = "Preview Content";
			sourceTree = "<group>";
		};
		5DD0C830262D601200C3CA4E /* gitsampleTests */ = {
			isa = PBXGroup;
			children = (
				5DD0C831262D601200C3CA4E /* gitsampleTests.swift */,
				5DD0C833262D601200C3CA4E /* Info.plist */,
			);
			path = gitsampleTests;
			sourceTree = "<group>";
		};
		5DD0C83B262D601200C3CA4E /* gitsampleUITests */ = {
			isa = PBXGroup;
			children = (
				5DD0C83C262D601200C3CA4E /* gitsampleUITests.swift */,
				5DD0C83E262D601200C3CA4E /* Info.plist */,
			);
			path = gitsampleUITests;
			sourceTree = "<group>";
		};
/* End PBXGroup section */

/* Begin PBXNativeTarget section */
		5DD0C81B262D600C00C3CA4E /* gitsample */ = {
			isa = PBXNativeTarget;
			buildConfigurationList = 5DD0C841262D601200C3CA4E /* Build configuration list for PBXNativeTarget "gitsample" */;
			buildPhases = (
				5DD0C818262D600C00C3CA4E /* Sources */,
				5DD0C819262D600C00C3CA4E /* Frameworks */,
				5DD0C81A262D600C00C3CA4E /* Resources */,
			);
			buildRules = (
			);
			dependencies = (
			);
			name = gitsample;
			productName = gitsample;
			productReference = 5DD0C81C262D600C00C3CA4E /* gitsample.app */;
			productType = "com.apple.product-type.application";
		};
		5DD0C82C262D601200C3CA4E /* gitsampleTests */ = {
			isa = PBXNativeTarget;
			buildConfigurationList = 5DD0C844262D601200C3CA4E /* Build configuration list for PBXNativeTarget "gitsampleTests" */;
			buildPhases = (
				5DD0C829262D601200C3CA4E /* Sources */,
				5DD0C82A262D601200C3CA4E /* Frameworks */,
				5DD0C82B262D601200C3CA4E /* Resources */,
			);
			buildRules = (
			);
			dependencies = (
				5DD0C82F262D601200C3CA4E /* PBXTargetDependency */,
			);
			name = gitsampleTests;
			productName = gitsampleTests;
			productReference = 5DD0C82D262D601200C3CA4E /* gitsampleTests.xctest */;
			productType = "com.apple.product-type.bundle.unit-test";
		};
		5DD0C837262D601200C3CA4E /* gitsampleUITests */ = {
			isa = PBXNativeTarget;
			buildConfigurationList = 5DD0C847262D601200C3CA4E /* Build configuration list for PBXNativeTarget "gitsampleUITests" */;
			buildPhases = (
				5DD0C834262D601200C3CA4E /* Sources */,
				5DD0C835262D601200C3CA4E /* Frameworks */,
				5DD0C836262D601200C3CA4E /* Resources */,
			);
			buildRules = (
			);
			dependencies = (
				5DD0C83A262D601200C3CA4E /* PBXTargetDependency */,
			);
			name = gitsampleUITests;
			productName = gitsampleUITests;
			productReference = 5DD0C838262D601200C3CA4E /* gitsampleUITests.xctest */;
			productType = "com.apple.product-type.bundle.ui-testing";
		};
/* End PBXNativeTarget section */

/* Begin PBXProject section */
		5DD0C814262D600C00C3CA4E /* Project object */ = {
			isa = PBXProject;
			attributes = {
				LastSwiftUpdateCheck = 1240;
				LastUpgradeCheck = 1240;
				TargetAttributes = {
					5DD0C81B262D600C00C3CA4E = {
						CreatedOnToolsVersion = 12.4;
					};
					5DD0C82C262D601200C3CA4E = {
						CreatedOnToolsVersion = 12.4;
						TestTargetID = 5DD0C81B262D600C00C3CA4E;
					};
					5DD0C837262D601200C3CA4E = {
						CreatedOnToolsVersion = 12.4;
						TestTargetID = 5DD0C81B262D600C00C3CA4E;
					};
				};
			};
			buildConfigurationList = 5DD0C817262D600C00C3CA4E /* Build configuration list for PBXProject "gitsample" */;
			compatibilityVersion = "Xcode 9.3";
			developmentRegion = en;
			hasScannedForEncodings = 0;
			knownRegions = (
				en,
				Base,
			);
			mainGroup = 5DD0C813262D600C00C3CA4E;
			productRefGroup = 5DD0C81D262D600C00C3CA4E /* Products */;
			projectDirPath = "";
			projectRoot = "";
			targets = (
				5DD0C81B262D600C00C3CA4E /* gitsample */,
				5DD0C82C262D601200C3CA4E /* gitsampleTests */,
				5DD0C837262D601200C3CA4E /* gitsampleUITests */,
			);
		};
/* End PBXProject section */

/* Begin PBXResourcesBuildPhase section */
		5DD0C81A262D600C00C3CA4E /* Resources */ = {
			isa = PBXResourcesBuildPhase;
			buildActionMask = 2147483647;
			files = (
				5DD0C827262D601200C3CA4E /* Preview Assets.xcassets in Resources */,
				5DD0C824262D601200C3CA4E /* Assets.xcassets in Resources */,
			);
			runOnlyForDeploymentPostprocessing = 0;
		};
		5DD0C82B262D601200C3CA4E /* Resources */ = {
			isa = PBXResourcesBuildPhase;
			buildActionMask = 2147483647;
			files = (
			);
			runOnlyForDeploymentPostprocessing = 0;
		};
		5DD0C836262D601200C3CA4E /* Resources */ = {
			isa = PBXResourcesBuildPhase;
			buildActionMask = 2147483647;
			files = (
			);
			runOnlyForDeploymentPostprocessing = 0;
		};
/* End PBXResourcesBuildPhase section */

/* Begin PBXSourcesBuildPhase section */
		5DD0C818262D600C00C3CA4E /* Sources */ = {
			isa = PBXSourcesBuildPhase;
			buildActionMask = 2147483647;
			files = (
				5DD0C822262D600C00C3CA4E /* ContentView.swift in Sources */,
				5DD0C820262D600C00C3CA4E /* gitsampleApp.swift in Sources */,
			);
			runOnlyForDeploymentPostprocessing = 0;
		};
		5DD0C829262D601200C3CA4E /* Sources */ = {
			isa = PBXSourcesBuildPhase;
			buildActionMask = 2147483647;
			files = (
				5DD0C832262D601200C3CA4E /* gitsampleTests.swift in Sources */,
			);
			runOnlyForDeploymentPostprocessing = 0;
		};
		5DD0C834262D601200C3CA4E /* Sources */ = {
			isa = PBXSourcesBuildPhase;
			buildActionMask = 2147483647;
			files = (
				5DD0C83D262D601200C3CA4E /* gitsampleUITests.swift in Sources */,
			);
			runOnlyForDeploymentPostprocessing = 0;
		};
/* End PBXSourcesBuildPhase section */

/* Begin PBXTargetDependency section */
		5DD0C82F262D601200C3CA4E /* PBXTargetDependency */ = {
			isa = PBXTargetDependency;
			target = 5DD0C81B262D600C00C3CA4E /* gitsample */;
			targetProxy = 5DD0C82E262D601200C3CA4E /* PBXContainerItemProxy */;
		};
		5DD0C83A262D601200C3CA4E /* PBXTargetDependency */ = {
			isa = PBXTargetDependency;
			target = 5DD0C81B262D600C00C3CA4E /* gitsample */;
			targetProxy = 5DD0C839262D601200C3CA4E /* PBXContainerItemProxy */;
		};
/* End PBXTargetDependency section */

/* Begin XCBuildConfiguration section */
		5DD0C83F262D601200C3CA4E /* Debug */ = {
			isa = XCBuildConfiguration;
			buildSettings = {
				ALWAYS_SEARCH_USER_PATHS = NO;
				CLANG_ANALYZER_NONNULL = YES;
				CLANG_ANALYZER_NUMBER_OBJECT_CONVERSION = YES_AGGRESSIVE;
				CLANG_CXX_LANGUAGE_STANDARD = "gnu++14";
				CLANG_CXX_LIBRARY = "libc++";
				CLANG_ENABLE_MODULES = YES;
				CLANG_ENABLE_OBJC_ARC = YES;
				CLANG_ENABLE_OBJC_WEAK = YES;
				CLANG_WARN_BLOCK_CAPTURE_AUTORELEASING = YES;
				CLANG_WARN_BOOL_CONVERSION = YES;
				CLANG_WARN_COMMA = YES;
				CLANG_WARN_CONSTANT_CONVERSION = YES;
				CLANG_WARN_DEPRECATED_OBJC_IMPLEMENTATIONS = YES;
				CLANG_WARN_DIRECT_OBJC_ISA_USAGE = YES_ERROR;
				CLANG_WARN_DOCUMENTATION_COMMENTS = YES;
				CLANG_WARN_EMPTY_BODY = YES;
				CLANG_WARN_ENUM_CONVERSION = YES;
				CLANG_WARN_INFINITE_RECURSION = YES;
				CLANG_WARN_INT_CONVERSION = YES;
				CLANG_WARN_NON_LITERAL_NULL_CONVERSION = YES;
				CLANG_WARN_OBJC_IMPLICIT_RETAIN_SELF = YES;
				CLANG_WARN_OBJC_LITERAL_CONVERSION = YES;
				CLANG_WARN_OBJC_ROOT_CLASS = YES_ERROR;
				CLANG_WARN_QUOTED_INCLUDE_IN_FRAMEWORK_HEADER = YES;
				CLANG_WARN_RANGE_LOOP_ANALYSIS = YES;
				CLANG_WARN_STRICT_PROTOTYPES = YES;
				CLANG_WARN_SUSPICIOUS_MOVE = YES;
				CLANG_WARN_UNGUARDED_AVAILABILITY = YES_AGGRESSIVE;
				CLANG_WARN_UNREACHABLE_CODE = YES;
				CLANG_WARN__DUPLICATE_METHOD_MATCH = YES;
				COPY_PHASE_STRIP = NO;
				DEBUG_INFORMATION_FORMAT = dwarf;
				ENABLE_STRICT_OBJC_MSGSEND = YES;
				ENABLE_TESTABILITY = YES;
				GCC_C_LANGUAGE_STANDARD = gnu11;
				GCC_DYNAMIC_NO_PIC = NO;
				GCC_NO_COMMON_BLOCKS = YES;
				GCC_OPTIMIZATION_LEVEL = 0;
				GCC_PREPROCESSOR_DEFINITIONS = (
					"DEBUG=1",
					"$(inherited)",
				);
				GCC_WARN_64_TO_32_BIT_CONVERSION = YES;
				GCC_WARN_ABOUT_RETURN_TYPE = YES_ERROR;
				GCC_WARN_UNDECLARED_SELECTOR = YES;
				GCC_WARN_UNINITIALIZED_AUTOS = YES_AGGRESSIVE;
				GCC_WARN_UNUSED_FUNCTION = YES;
				GCC_WARN_UNUSED_VARIABLE = YES;
				IPHONEOS_DEPLOYMENT_TARGET = 14.4;
				MTL_ENABLE_DEBUG_INFO = INCLUDE_SOURCE;
				MTL_FAST_MATH = YES;
				ONLY_ACTIVE_ARCH = YES;
				SDKROOT = iphoneos;
				SWIFT_ACTIVE_COMPILATION_CONDITIONS = DEBUG;
				SWIFT_OPTIMIZATION_LEVEL = "-Onone";
			};
			name = Debug;
		};
		5DD0C840262D601200C3CA4E /* Release */ = {
			isa = XCBuildConfiguration;
			buildSettings = {
				ALWAYS_SEARCH_USER_PATHS = NO;
				CLANG_ANALYZER_NONNULL = YES;
				CLANG_ANALYZER_NUMBER_OBJECT_CONVERSION = YES_AGGRESSIVE;
				CLANG_CXX_LANGUAGE_STANDARD = "gnu++14";
				CLANG_CXX_LIBRARY = "libc++";
				CLANG_ENABLE_MODULES = YES;
				CLANG_ENABLE_OBJC_ARC = YES;
				CLANG_ENABLE_OBJC_WEAK = YES;
				CLANG_WARN_BLOCK_CAPTURE_AUTORELEASING = YES;
				CLANG_WARN_BOOL_CONVERSION = YES;
				CLANG_WARN_COMMA = YES;
				CLANG_WARN_CONSTANT_CONVERSION = YES;
				CLANG_WARN_DEPRECATED_OBJC_IMPLEMENTATIONS = YES;
				CLANG_WARN_DIRECT_OBJC_ISA_USAGE = YES_ERROR;
				CLANG_WARN_DOCUMENTATION_COMMENTS = YES;
				CLANG_WARN_EMPTY_BODY = YES;
				CLANG_WARN_ENUM_CONVERSION = YES;
				CLANG_WARN_INFINITE_RECURSION = YES;
				CLANG_WARN_INT_CONVERSION = YES;
				CLANG_WARN_NON_LITERAL_NULL_CONVERSION = YES;
				CLANG_WARN_OBJC_IMPLICIT_RETAIN_SELF = YES;
				CLANG_WARN_OBJC_LITERAL_CONVERSION = YES;
				CLANG_WARN_OBJC_ROOT_CLASS = YES_ERROR;
				CLANG_WARN_QUOTED_INCLUDE_IN_FRAMEWORK_HEADER = YES;
				CLANG_WARN_RANGE_LOOP_ANALYSIS = YES;
				CLANG_WARN_STRICT_PROTOTYPES = YES;
				CLANG_WARN_SUSPICIOUS_MOVE = YES;
				CLANG_WARN_UNGUARDED_AVAILABILITY = YES_AGGRESSIVE;
				CLANG_WARN_UNREACHABLE_CODE = YES;
				CLANG_WARN__DUPLICATE_METHOD_MATCH = YES;
				COPY_PHASE_STRIP = NO;
				DEBUG_INFORMATION_FORMAT = "dwarf-with-dsym";
				ENABLE_NS_ASSERTIONS = NO;
				ENABLE_STRICT_OBJC_MSGSEND = YES;
				GCC_C_LANGUAGE_STANDARD = gnu11;
				GCC_NO_COMMON_BLOCKS = YES;
				GCC_WARN_64_TO_32_BIT_CONVERSION = YES;
				GCC_WARN_ABOUT_RETURN_TYPE = YES_ERROR;
				GCC_WARN_UNDECLARED_SELECTOR = YES;
				GCC_WARN_UNINITIALIZED_AUTOS = YES_AGGRESSIVE;
				GCC_WARN_UNUSED_FUNCTION = YES;
				GCC_WARN_UNUSED_VARIABLE = YES;
				IPHONEOS_DEPLOYMENT_TARGET = 14.4;
				MTL_ENABLE_DEBUG_INFO = NO;
				MTL_FAST_MATH = YES;
				SDKROOT = iphoneos;
				SWIFT_COMPILATION_MODE = wholemodule;
				SWIFT_OPTIMIZATION_LEVEL = "-O";
				VALIDATE_PRODUCT = YES;
			};
			name = Release;
		};
		5DD0C842262D601200C3CA4E /* Debug */ = {
			isa = XCBuildConfiguration;
			buildSettings = {
				ASSETCATALOG_COMPILER_APPICON_NAME = AppIcon;
				ASSETCATALOG_COMPILER_GLOBAL_ACCENT_COLOR_NAME = AccentColor;
				CODE_SIGN_STYLE = Automatic;
				DEVELOPMENT_ASSET_PATHS = "\"gitsample/Preview Content\"";
				ENABLE_PREVIEWS = YES;
				INFOPLIST_FILE = gitsample/Info.plist;
				IPHONEOS_DEPLOYMENT_TARGET = 14.0;
				LD_RUNPATH_SEARCH_PATHS = (
					"$(inherited)",
					"@executable_path/Frameworks",
				);
				PRODUCT_BUNDLE_IDENTIFIER = "git-renkei.gitsample";
				PRODUCT_NAME = "$(TARGET_NAME)";
				SWIFT_VERSION = 5.0;
				TARGETED_DEVICE_FAMILY = "1,2";
			};
			name = Debug;
		};
		5DD0C843262D601200C3CA4E /* Release */ = {
			isa = XCBuildConfiguration;
			buildSettings = {
				ASSETCATALOG_COMPILER_APPICON_NAME = AppIcon;
				ASSETCATALOG_COMPILER_GLOBAL_ACCENT_COLOR_NAME = AccentColor;
				CODE_SIGN_STYLE = Automatic;
				DEVELOPMENT_ASSET_PATHS = "\"gitsample/Preview Content\"";
				ENABLE_PREVIEWS = YES;
				INFOPLIST_FILE = gitsample/Info.plist;
				IPHONEOS_DEPLOYMENT_TARGET = 14.0;
				LD_RUNPATH_SEARCH_PATHS = (
					"$(inherited)",
					"@executable_path/Frameworks",
				);
				PRODUCT_BUNDLE_IDENTIFIER = "git-renkei.gitsample";
				PRODUCT_NAME = "$(TARGET_NAME)";
				SWIFT_VERSION = 5.0;
				TARGETED_DEVICE_FAMILY = "1,2";
			};
			name = Release;
		};
		5DD0C845262D601200C3CA4E /* Debug */ = {
			isa = XCBuildConfiguration;
			buildSettings = {
				ALWAYS_EMBED_SWIFT_STANDARD_LIBRARIES = YES;
				BUNDLE_LOADER = "$(TEST_HOST)";
				CODE_SIGN_STYLE = Automatic;
				INFOPLIST_FILE = gitsampleTests/Info.plist;
				IPHONEOS_DEPLOYMENT_TARGET = 14.0;
				LD_RUNPATH_SEARCH_PATHS = (
					"$(inherited)",
					"@executable_path/Frameworks",
					"@loader_path/Frameworks",
				);
				PRODUCT_BUNDLE_IDENTIFIER = "git-renkei.gitsampleTests";
				PRODUCT_NAME = "$(TARGET_NAME)";
				SWIFT_VERSION = 5.0;
				TARGETED_DEVICE_FAMILY = "1,2";
				TEST_HOST = "$(BUILT_PRODUCTS_DIR)/gitsample.app/gitsample";
			};
			name = Debug;
		};
		5DD0C846262D601200C3CA4E /* Release */ = {
			isa = XCBuildConfiguration;
			buildSettings = {
				ALWAYS_EMBED_SWIFT_STANDARD_LIBRARIES = YES;
				BUNDLE_LOADER = "$(TEST_HOST)";
				CODE_SIGN_STYLE = Automatic;
				INFOPLIST_FILE = gitsampleTests/Info.plist;
				IPHONEOS_DEPLOYMENT_TARGET = 14.0;
				LD_RUNPATH_SEARCH_PATHS = (
					"$(inherited)",
					"@executable_path/Frameworks",
					"@loader_path/Frameworks",
				);
				PRODUCT_BUNDLE_IDENTIFIER = "git-renkei.gitsampleTests";
				PRODUCT_NAME = "$(TARGET_NAME)";
				SWIFT_VERSION = 5.0;
				TARGETED_DEVICE_FAMILY = "1,2";
				TEST_HOST = "$(BUILT_PRODUCTS_DIR)/gitsample.app/gitsample";
			};
			name = Release;
		};
		5DD0C848262D601200C3CA4E /* Debug */ = {
			isa = XCBuildConfiguration;
			buildSettings = {
				ALWAYS_EMBED_SWIFT_STANDARD_LIBRARIES = YES;
				CODE_SIGN_STYLE = Automatic;
				INFOPLIST_FILE = gitsampleUITests/Info.plist;
				LD_RUNPATH_SEARCH_PATHS = (
					"$(inherited)",
					"@executable_path/Frameworks",
					"@loader_path/Frameworks",
				);
				PRODUCT_BUNDLE_IDENTIFIER = "git-renkei.gitsampleUITests";
				PRODUCT_NAME = "$(TARGET_NAME)";
				SWIFT_VERSION = 5.0;
				TARGETED_DEVICE_FAMILY = "1,2";
				TEST_TARGET_NAME = gitsample;
			};
			name = Debug;
		};
		5DD0C849262D601200C3CA4E /* Release */ = {
			isa = XCBuildConfiguration;
			buildSettings = {
				ALWAYS_EMBED_SWIFT_STANDARD_LIBRARIES = YES;
				CODE_SIGN_STYLE = Automatic;
				INFOPLIST_FILE = gitsampleUITests/Info.plist;
				LD_RUNPATH_SEARCH_PATHS = (
					"$(inherited)",
					"@executable_path/Frameworks",
					"@loader_path/Frameworks",
				);
				PRODUCT_BUNDLE_IDENTIFIER = "git-renkei.gitsampleUITests";
				PRODUCT_NAME = "$(TARGET_NAME)";
				SWIFT_VERSION = 5.0;
				TARGETED_DEVICE_FAMILY = "1,2";
				TEST_TARGET_NAME = gitsample;
			};
			name = Release;
		};
/* End XCBuildConfiguration section */

/* Begin XCConfigurationList section */
		5DD0C817262D600C00C3CA4E /* Build configuration list for PBXProject "gitsample" */ = {
			isa = XCConfigurationList;
			buildConfigurations = (
				5DD0C83F262D601200C3CA4E /* Debug */,
				5DD0C840262D601200C3CA4E /* Release */,
			);
			defaultConfigurationIsVisible = 0;
			defaultConfigurationName = Release;
		};
		5DD0C841262D601200C3CA4E /* Build configuration list for PBXNativeTarget "gitsample" */ = {
			isa = XCConfigurationList;
			buildConfigurations = (
				5DD0C842262D601200C3CA4E /* Debug */,
				5DD0C843262D601200C3CA4E /* Release */,
			);
			defaultConfigurationIsVisible = 0;
			defaultConfigurationName = Release;
		};
		5DD0C844262D601200C3CA4E /* Build configuration list for PBXNativeTarget "gitsampleTests" */ = {
			isa = XCConfigurationList;
			buildConfigurations = (
				5DD0C845262D601200C3CA4E /* Debug */,
				5DD0C846262D601200C3CA4E /* Release */,
			);
			defaultConfigurationIsVisible = 0;
			defaultConfigurationName = Release;
		};
		5DD0C847262D601200C3CA4E /* Build configuration list for PBXNativeTarget "gitsampleUITests" */ = {
			isa = XCConfigurationList;
			buildConfigurations = (
				5DD0C848262D601200C3CA4E /* Debug */,
				5DD0C849262D601200C3CA4E /* Release */,
			);
			defaultConfigurationIsVisible = 0;
			defaultConfigurationName = Release;
		};
/* End XCConfigurationList section */
	};
	rootObject = 5DD0C814262D600C00C3CA4E /* Project object */;
}
